
Microsoft Visual Studio Solution File, Format Version 12.00
# Visual Studio Version 16
VisualStudioVersion = 16.0.31025.218
MinimumVisualStudioVersion = 10.0.40219.1
Project("{FAE04EC0-301F-11D3-BF4B-00C04F79EFBC}") = "ModbusTCP", "ModbusTCP.csproj", "{C85E581D-F362-4E5C-9B94-4789676B52E2}"
EndProject
Global
	GlobalSection(SolutionConfigurationPlatforms) = preSolution
		Debug|Any CPU = Debug|Any CPU
		Release|Any CPU = Release|Any CPU
	EndGlobalSection
	GlobalSection(ProjectConfigurationPlatforms) = postSolution
		{C85E581D-F362-4E5C-9B94-4789676B52E2}.Debug|Any CPU.ActiveCfg = Debug|Any CPU
		{C85E581D-F362-4E5C-9B94-4789676B52E2}.Debug|Any CPU.Build.0 = Debug|Any CPU
		{C85E581D-F362-4E5C-9B94-4789676B52E2}.Release|Any CPU.ActiveCfg = Release|Any CPU
		{C85E581D-F362-4E5C-9B94-4789676B52E2}.Release|Any CPU.Build.0 = Release|Any CPU
	EndGlobalSection
	GlobalSection(SolutionProperties) = preSolution
		HideSolutionNode = FALSE
	EndGlobalSection
	GlobalSection(ExtensibilityGlobals) = postSolution
		SolutionGuid = {C07647A8-5586-4668-A222-B7BAE76FD1FA}
	EndGlobalSection
EndGlobal
